
Microsoft Visual Studio Solution File, Format Version 12.00
# Visual Studio Version 16
VisualStudioVersion = 16.0.33214.272
MinimumVisualStudioVersion = 10.0.40219.1
Project("{9A19103F-16F7-4668-BE54-9A1E7A4F7556}") = "01. Secret Chat", "01. Secret Chat\01. Secret Chat.csproj", "{C3445DF3-6AE0-4559-B140-6D80CA03EA84}"
EndProject
Project("{9A19103F-16F7-4668-BE54-9A1E7A4F7556}") = "03. Need for Speed III", "03. Need for Speed III\03. Need for Speed III.csproj", "{0E1F2D07-E19B-4E8B-A659-5CE3616A3015}"
EndProject
Project("{9A19103F-16F7-4668-BE54-9A1E7A4F7556}") = "03. Need for Speed III 2", "03. Need for Speed III 2\03. Need for Speed III 2.csproj", "{CD098107-532B-4A20-8279-AE6E9B97DC55}"
EndProject
Project("{9A19103F-16F7-4668-BE54-9A1E7A4F7556}") = "01. Secret Chat 2", "01. Secret Chat 2\01. Secret Chat 2.csproj", "{E5ABEEE8-D66D-48CA-93CC-7098ED77A426}"
EndProject
Project("{9A19103F-16F7-4668-BE54-9A1E7A4F7556}") = "02. Mirror Words", "02. Mirror Words\02. Mirror Words.csproj", "{111642CD-665F-45E1-B706-26D60F0F2B9F}"
EndProject
Project("{FAE04EC0-301F-11D3-BF4B-00C04F79EFBC}") = "01. Secret Chat 3", "01. Secret Chat 3\01. Secret Chat 3.csproj", "{D936EA60-1174-4C13-8FB4-56D5133CDC79}"
EndProject
Project("{FAE04EC0-301F-11D3-BF4B-00C04F79EFBC}") = "02. Mirror Words 2", "02. Mirror Words 2\02. Mirror Words 2.csproj", "{1D091261-8BF0-421D-B093-0CA932F98FDD}"
EndProject
Project("{FAE04EC0-301F-11D3-BF4B-00C04F79EFBC}") = "03. Need for Speed III 3", "03. Need for Speed III 3\03. Need for Speed III 3.csproj", "{DD8029C5-C9B7-4C7C-8FE8-52058A3EBEEF}"
EndProject
Global
	GlobalSection(SolutionConfigurationPlatforms) = preSolution
		Debug|Any CPU = Debug|Any CPU
		Release|Any CPU = Release|Any CPU
	EndGlobalSection
	GlobalSection(ProjectConfigurationPlatforms) = postSolution
		{C3445DF3-6AE0-4559-B140-6D80CA03EA84}.Debug|Any CPU.ActiveCfg = Debug|Any CPU
		{C3445DF3-6AE0-4559-B140-6D80CA03EA84}.Debug|Any CPU.Build.0 = Debug|Any CPU
		{C3445DF3-6AE0-4559-B140-6D80CA03EA84}.Release|Any CPU.ActiveCfg = Release|Any CPU
		{C3445DF3-6AE0-4559-B140-6D80CA03EA84}.Release|Any CPU.Build.0 = Release|Any CPU
		{0E1F2D07-E19B-4E8B-A659-5CE3616A3015}.Debug|Any CPU.ActiveCfg = Debug|Any CPU
		{0E1F2D07-E19B-4E8B-A659-5CE3616A3015}.Debug|Any CPU.Build.0 = Debug|Any CPU
		{0E1F2D07-E19B-4E8B-A659-5CE3616A3015}.Release|Any CPU.ActiveCfg = Release|Any CPU
		{0E1F2D07-E19B-4E8B-A659-5CE3616A3015}.Release|Any CPU.Build.0 = Release|Any CPU
		{CD098107-532B-4A20-8279-AE6E9B97DC55}.Debug|Any CPU.ActiveCfg = Debug|Any CPU
		{CD098107-532B-4A20-8279-AE6E9B97DC55}.Debug|Any CPU.Build.0 = Debug|Any CPU
		{CD098107-532B-4A20-8279-AE6E9B97DC55}.Release|Any CPU.ActiveCfg = Release|Any CPU
		{CD098107-532B-4A20-8279-AE6E9B97DC55}.Release|Any CPU.Build.0 = Release|Any CPU
		{E5ABEEE8-D66D-48CA-93CC-7098ED77A426}.Debug|Any CPU.ActiveCfg = Debug|Any CPU
		{E5ABEEE8-D66D-48CA-93CC-7098ED77A426}.Debug|Any CPU.Build.0 = Debug|Any CPU
		{E5ABEEE8-D66D-48CA-93CC-7098ED77A426}.Release|Any CPU.ActiveCfg = Release|Any CPU
		{E5ABEEE8-D66D-48CA-93CC-7098ED77A426}.Release|Any CPU.Build.0 = Release|Any CPU
		{111642CD-665F-45E1-B706-26D60F0F2B9F}.Debug|Any CPU.ActiveCfg = Debug|Any CPU
		{111642CD-665F-45E1-B706-26D60F0F2B9F}.Debug|Any CPU.Build.0 = Debug|Any CPU
		{111642CD-665F-45E1-B706-26D60F0F2B9F}.Release|Any CPU.ActiveCfg = Release|Any CPU
		{111642CD-665F-45E1-B706-26D60F0F2B9F}.Release|Any CPU.Build.0 = Release|Any CPU
		{D936EA60-1174-4C13-8FB4-56D5133CDC79}.Debug|Any CPU.ActiveCfg = Debug|Any CPU
		{D936EA60-1174-4C13-8FB4-56D5133CDC79}.Debug|Any CPU.Build.0 = Debug|Any CPU
		{D936EA60-1174-4C13-8FB4-56D5133CDC79}.Release|Any CPU.ActiveCfg = Release|Any CPU
		{D936EA60-1174-4C13-8FB4-56D5133CDC79}.Release|Any CPU.Build.0 = Release|Any CPU
		{1D091261-8BF0-421D-B093-0CA932F98FDD}.Debug|Any CPU.ActiveCfg = Debug|Any CPU
		{1D091261-8BF0-421D-B093-0CA932F98FDD}.Debug|Any CPU.Build.0 = Debug|Any CPU
		{1D091261-8BF0-421D-B093-0CA932F98FDD}.Release|Any CPU.ActiveCfg = Release|Any CPU
		{1D091261-8BF0-421D-B093-0CA932F98FDD}.Release|Any CPU.Build.0 = Release|Any CPU
		{DD8029C5-C9B7-4C7C-8FE8-52058A3EBEEF}.Debug|Any CPU.ActiveCfg = Debug|Any CPU
		{DD8029C5-C9B7-4C7C-8FE8-52058A3EBEEF}.Debug|Any CPU.Build.0 = Debug|Any CPU
		{DD8029C5-C9B7-4C7C-8FE8-52058A3EBEEF}.Release|Any CPU.ActiveCfg = Release|Any CPU
		{DD8029C5-C9B7-4C7C-8FE8-52058A3EBEEF}.Release|Any CPU.Build.0 = Release|Any CPU
	EndGlobalSection
	GlobalSection(SolutionProperties) = preSolution
		HideSolutionNode = FALSE
	EndGlobalSection
	GlobalSection(ExtensibilityGlobals) = postSolution
		SolutionGuid = {C3A95A82-380B-401F-B2F8-C4D153B68916}
	EndGlobalSection
EndGlobal
