
Microsoft Visual Studio Solution File, Format Version 12.00
# Visual Studio Version 16
VisualStudioVersion = 16.0.33214.272
MinimumVisualStudioVersion = 10.0.40219.1
Project("{9A19103F-16F7-4668-BE54-9A1E7A4F7556}") = "01. Day of Week", "01. Day of Week\01. Day of Week.csproj", "{9466313B-DE47-4C3A-8884-53890BD28C9A}"
EndProject
Project("{9A19103F-16F7-4668-BE54-9A1E7A4F7556}") = "02. Print Numbers in Reverse Order", "02. Print Numbers in Reverse Order\02. Print Numbers in Reverse Order.csproj", "{50EC8F58-1158-4707-9B6A-A3D8178A02C4}"
EndProject
Project("{9A19103F-16F7-4668-BE54-9A1E7A4F7556}") = "03. Rounding Numbers", "03. Rounding Numbers\03. Rounding Numbers.csproj", "{1095B7B1-0BD6-4C34-88B7-7F9F9A094467}"
EndProject
Project("{9A19103F-16F7-4668-BE54-9A1E7A4F7556}") = "04. Reverse Array of Strings", "04. Reverse Array of Strings\04. Reverse Array of Strings.csproj", "{30BE59FD-7F2D-4CE8-9B70-E11D2A1D11B3}"
EndProject
Project("{9A19103F-16F7-4668-BE54-9A1E7A4F7556}") = "05. Sum Even Numbers", "05. Sum Even Numbers\05. Sum Even Numbers.csproj", "{5FE10038-C305-4A5E-AA7A-93BBBE38F315}"
EndProject
Project("{9A19103F-16F7-4668-BE54-9A1E7A4F7556}") = "06. Even and Odd Subtraction", "06. Even and Odd Subtraction\06. Even and Odd Subtraction.csproj", "{85789A75-79C4-4AD5-AB58-F0324E1EE442}"
EndProject
Project("{9A19103F-16F7-4668-BE54-9A1E7A4F7556}") = "07. Equal Arrays", "07. Equal Arrays\07. Equal Arrays.csproj", "{7F5CE022-27B0-48EB-B1A0-C5CB6CB8C4B1}"
EndProject
Project("{9A19103F-16F7-4668-BE54-9A1E7A4F7556}") = "08. Condense Array to Number", "08. Condense Array to Number\08. Condense Array to Number.csproj", "{772C4E3D-A3D0-4282-82B3-35BDA7CC338A}"
EndProject
Project("{FAE04EC0-301F-11D3-BF4B-00C04F79EFBC}") = "01. Day of Week 2", "01. Day of Week 2\01. Day of Week 2.csproj", "{9BEF0C9A-F21B-429A-BA0F-A91923DA8F7D}"
EndProject
Project("{FAE04EC0-301F-11D3-BF4B-00C04F79EFBC}") = "02. Print Numbers in Reverse Order 2", "02. Print Numbers in Reverse Order 2\02. Print Numbers in Reverse Order 2.csproj", "{C37C63FB-1078-4E7C-A73B-4A385DEDFC6F}"
EndProject
Project("{FAE04EC0-301F-11D3-BF4B-00C04F79EFBC}") = "03. Rounding Numbers 2", "03. Rounding Numbers 2\03. Rounding Numbers 2.csproj", "{733EDDAD-004A-432D-9114-625C171135F2}"
EndProject
Project("{FAE04EC0-301F-11D3-BF4B-00C04F79EFBC}") = "04. Reverse Array of Strings 2", "04. Reverse Array of Strings 2\04. Reverse Array of Strings 2.csproj", "{96EA4224-A291-4728-8D66-87C59FC3E046}"
EndProject
Project("{FAE04EC0-301F-11D3-BF4B-00C04F79EFBC}") = "04. Reverse Array of Strings 3", "04. Reverse Array of Strings 3\04. Reverse Array of Strings 3.csproj", "{8E051F00-EE2A-4FBA-9EF2-AD52E927DC62}"
EndProject
Project("{FAE04EC0-301F-11D3-BF4B-00C04F79EFBC}") = "05. Sum Even Numbers 2", "05. Sum Even Numbers 2\05. Sum Even Numbers 2.csproj", "{D6E0E18F-B4CD-4CD9-9F36-909ECF19E022}"
EndProject
Project("{FAE04EC0-301F-11D3-BF4B-00C04F79EFBC}") = "05. Sum Even Numbers 3", "05. Sum Even Numbers 3\05. Sum Even Numbers 3.csproj", "{C16A19F6-8D8B-4F24-BA1E-0C571552559B}"
EndProject
Project("{FAE04EC0-301F-11D3-BF4B-00C04F79EFBC}") = "06. Even and Odd Subtraction 2", "06. Even and Odd Subtraction 2\06. Even and Odd Subtraction 2.csproj", "{73B8FA59-2DC9-45A7-BEA2-0AAA2A4C97E8}"
EndProject
Project("{FAE04EC0-301F-11D3-BF4B-00C04F79EFBC}") = "07. Equal Arrays 2", "07. Equal Arrays 2\07. Equal Arrays 2.csproj", "{6395F298-F326-4162-A8E5-C629F05300EC}"
EndProject
Project("{FAE04EC0-301F-11D3-BF4B-00C04F79EFBC}") = "08. Condense Array to Number 2", "08. Condense Array to Number 2\08. Condense Array to Number 2.csproj", "{DB4E9322-573A-4378-AA41-2FBB4828CF4E}"
EndProject
Project("{FAE04EC0-301F-11D3-BF4B-00C04F79EFBC}") = "08. Condense Array to Number 3", "08. Condense Array to Number 3\08. Condense Array to Number 3.csproj", "{C0EA345E-A043-42AC-B117-4F8D6E3470AA}"
EndProject
Global
	GlobalSection(SolutionConfigurationPlatforms) = preSolution
		Debug|Any CPU = Debug|Any CPU
		Release|Any CPU = Release|Any CPU
	EndGlobalSection
	GlobalSection(ProjectConfigurationPlatforms) = postSolution
		{9466313B-DE47-4C3A-8884-53890BD28C9A}.Debug|Any CPU.ActiveCfg = Debug|Any CPU
		{9466313B-DE47-4C3A-8884-53890BD28C9A}.Debug|Any CPU.Build.0 = Debug|Any CPU
		{9466313B-DE47-4C3A-8884-53890BD28C9A}.Release|Any CPU.ActiveCfg = Release|Any CPU
		{9466313B-DE47-4C3A-8884-53890BD28C9A}.Release|Any CPU.Build.0 = Release|Any CPU
		{50EC8F58-1158-4707-9B6A-A3D8178A02C4}.Debug|Any CPU.ActiveCfg = Debug|Any CPU
		{50EC8F58-1158-4707-9B6A-A3D8178A02C4}.Debug|Any CPU.Build.0 = Debug|Any CPU
		{50EC8F58-1158-4707-9B6A-A3D8178A02C4}.Release|Any CPU.ActiveCfg = Release|Any CPU
		{50EC8F58-1158-4707-9B6A-A3D8178A02C4}.Release|Any CPU.Build.0 = Release|Any CPU
		{1095B7B1-0BD6-4C34-88B7-7F9F9A094467}.Debug|Any CPU.ActiveCfg = Debug|Any CPU
		{1095B7B1-0BD6-4C34-88B7-7F9F9A094467}.Debug|Any CPU.Build.0 = Debug|Any CPU
		{1095B7B1-0BD6-4C34-88B7-7F9F9A094467}.Release|Any CPU.ActiveCfg = Release|Any CPU
		{1095B7B1-0BD6-4C34-88B7-7F9F9A094467}.Release|Any CPU.Build.0 = Release|Any CPU
		{30BE59FD-7F2D-4CE8-9B70-E11D2A1D11B3}.Debug|Any CPU.ActiveCfg = Debug|Any CPU
		{30BE59FD-7F2D-4CE8-9B70-E11D2A1D11B3}.Debug|Any CPU.Build.0 = Debug|Any CPU
		{30BE59FD-7F2D-4CE8-9B70-E11D2A1D11B3}.Release|Any CPU.ActiveCfg = Release|Any CPU
		{30BE59FD-7F2D-4CE8-9B70-E11D2A1D11B3}.Release|Any CPU.Build.0 = Release|Any CPU
		{5FE10038-C305-4A5E-AA7A-93BBBE38F315}.Debug|Any CPU.ActiveCfg = Debug|Any CPU
		{5FE10038-C305-4A5E-AA7A-93BBBE38F315}.Debug|Any CPU.Build.0 = Debug|Any CPU
		{5FE10038-C305-4A5E-AA7A-93BBBE38F315}.Release|Any CPU.ActiveCfg = Release|Any CPU
		{5FE10038-C305-4A5E-AA7A-93BBBE38F315}.Release|Any CPU.Build.0 = Release|Any CPU
		{85789A75-79C4-4AD5-AB58-F0324E1EE442}.Debug|Any CPU.ActiveCfg = Debug|Any CPU
		{85789A75-79C4-4AD5-AB58-F0324E1EE442}.Debug|Any CPU.Build.0 = Debug|Any CPU
		{85789A75-79C4-4AD5-AB58-F0324E1EE442}.Release|Any CPU.ActiveCfg = Release|Any CPU
		{85789A75-79C4-4AD5-AB58-F0324E1EE442}.Release|Any CPU.Build.0 = Release|Any CPU
		{7F5CE022-27B0-48EB-B1A0-C5CB6CB8C4B1}.Debug|Any CPU.ActiveCfg = Debug|Any CPU
		{7F5CE022-27B0-48EB-B1A0-C5CB6CB8C4B1}.Debug|Any CPU.Build.0 = Debug|Any CPU
		{7F5CE022-27B0-48EB-B1A0-C5CB6CB8C4B1}.Release|Any CPU.ActiveCfg = Release|Any CPU
		{7F5CE022-27B0-48EB-B1A0-C5CB6CB8C4B1}.Release|Any CPU.Build.0 = Release|Any CPU
		{772C4E3D-A3D0-4282-82B3-35BDA7CC338A}.Debug|Any CPU.ActiveCfg = Debug|Any CPU
		{772C4E3D-A3D0-4282-82B3-35BDA7CC338A}.Debug|Any CPU.Build.0 = Debug|Any CPU
		{772C4E3D-A3D0-4282-82B3-35BDA7CC338A}.Release|Any CPU.ActiveCfg = Release|Any CPU
		{772C4E3D-A3D0-4282-82B3-35BDA7CC338A}.Release|Any CPU.Build.0 = Release|Any CPU
		{9BEF0C9A-F21B-429A-BA0F-A91923DA8F7D}.Debug|Any CPU.ActiveCfg = Debug|Any CPU
		{9BEF0C9A-F21B-429A-BA0F-A91923DA8F7D}.Debug|Any CPU.Build.0 = Debug|Any CPU
		{9BEF0C9A-F21B-429A-BA0F-A91923DA8F7D}.Release|Any CPU.ActiveCfg = Release|Any CPU
		{9BEF0C9A-F21B-429A-BA0F-A91923DA8F7D}.Release|Any CPU.Build.0 = Release|Any CPU
		{C37C63FB-1078-4E7C-A73B-4A385DEDFC6F}.Debug|Any CPU.ActiveCfg = Debug|Any CPU
		{C37C63FB-1078-4E7C-A73B-4A385DEDFC6F}.Debug|Any CPU.Build.0 = Debug|Any CPU
		{C37C63FB-1078-4E7C-A73B-4A385DEDFC6F}.Release|Any CPU.ActiveCfg = Release|Any CPU
		{C37C63FB-1078-4E7C-A73B-4A385DEDFC6F}.Release|Any CPU.Build.0 = Release|Any CPU
		{733EDDAD-004A-432D-9114-625C171135F2}.Debug|Any CPU.ActiveCfg = Debug|Any CPU
		{733EDDAD-004A-432D-9114-625C171135F2}.Debug|Any CPU.Build.0 = Debug|Any CPU
		{733EDDAD-004A-432D-9114-625C171135F2}.Release|Any CPU.ActiveCfg = Release|Any CPU
		{733EDDAD-004A-432D-9114-625C171135F2}.Release|Any CPU.Build.0 = Release|Any CPU
		{96EA4224-A291-4728-8D66-87C59FC3E046}.Debug|Any CPU.ActiveCfg = Debug|Any CPU
		{96EA4224-A291-4728-8D66-87C59FC3E046}.Debug|Any CPU.Build.0 = Debug|Any CPU
		{96EA4224-A291-4728-8D66-87C59FC3E046}.Release|Any CPU.ActiveCfg = Release|Any CPU
		{96EA4224-A291-4728-8D66-87C59FC3E046}.Release|Any CPU.Build.0 = Release|Any CPU
		{8E051F00-EE2A-4FBA-9EF2-AD52E927DC62}.Debug|Any CPU.ActiveCfg = Debug|Any CPU
		{8E051F00-EE2A-4FBA-9EF2-AD52E927DC62}.Debug|Any CPU.Build.0 = Debug|Any CPU
		{8E051F00-EE2A-4FBA-9EF2-AD52E927DC62}.Release|Any CPU.ActiveCfg = Release|Any CPU
		{8E051F00-EE2A-4FBA-9EF2-AD52E927DC62}.Release|Any CPU.Build.0 = Release|Any CPU
		{D6E0E18F-B4CD-4CD9-9F36-909ECF19E022}.Debug|Any CPU.ActiveCfg = Debug|Any CPU
		{D6E0E18F-B4CD-4CD9-9F36-909ECF19E022}.Debug|Any CPU.Build.0 = Debug|Any CPU
		{D6E0E18F-B4CD-4CD9-9F36-909ECF19E022}.Release|Any CPU.ActiveCfg = Release|Any CPU
		{D6E0E18F-B4CD-4CD9-9F36-909ECF19E022}.Release|Any CPU.Build.0 = Release|Any CPU
		{C16A19F6-8D8B-4F24-BA1E-0C571552559B}.Debug|Any CPU.ActiveCfg = Debug|Any CPU
		{C16A19F6-8D8B-4F24-BA1E-0C571552559B}.Debug|Any CPU.Build.0 = Debug|Any CPU
		{C16A19F6-8D8B-4F24-BA1E-0C571552559B}.Release|Any CPU.ActiveCfg = Release|Any CPU
		{C16A19F6-8D8B-4F24-BA1E-0C571552559B}.Release|Any CPU.Build.0 = Release|Any CPU
		{73B8FA59-2DC9-45A7-BEA2-0AAA2A4C97E8}.Debug|Any CPU.ActiveCfg = Debug|Any CPU
		{73B8FA59-2DC9-45A7-BEA2-0AAA2A4C97E8}.Debug|Any CPU.Build.0 = Debug|Any CPU
		{73B8FA59-2DC9-45A7-BEA2-0AAA2A4C97E8}.Release|Any CPU.ActiveCfg = Release|Any CPU
		{73B8FA59-2DC9-45A7-BEA2-0AAA2A4C97E8}.Release|Any CPU.Build.0 = Release|Any CPU
		{6395F298-F326-4162-A8E5-C629F05300EC}.Debug|Any CPU.ActiveCfg = Debug|Any CPU
		{6395F298-F326-4162-A8E5-C629F05300EC}.Debug|Any CPU.Build.0 = Debug|Any CPU
		{6395F298-F326-4162-A8E5-C629F05300EC}.Release|Any CPU.ActiveCfg = Release|Any CPU
		{6395F298-F326-4162-A8E5-C629F05300EC}.Release|Any CPU.Build.0 = Release|Any CPU
		{DB4E9322-573A-4378-AA41-2FBB4828CF4E}.Debug|Any CPU.ActiveCfg = Debug|Any CPU
		{DB4E9322-573A-4378-AA41-2FBB4828CF4E}.Debug|Any CPU.Build.0 = Debug|Any CPU
		{DB4E9322-573A-4378-AA41-2FBB4828CF4E}.Release|Any CPU.ActiveCfg = Release|Any CPU
		{DB4E9322-573A-4378-AA41-2FBB4828CF4E}.Release|Any CPU.Build.0 = Release|Any CPU
		{C0EA345E-A043-42AC-B117-4F8D6E3470AA}.Debug|Any CPU.ActiveCfg = Debug|Any CPU
		{C0EA345E-A043-42AC-B117-4F8D6E3470AA}.Debug|Any CPU.Build.0 = Debug|Any CPU
		{C0EA345E-A043-42AC-B117-4F8D6E3470AA}.Release|Any CPU.ActiveCfg = Release|Any CPU
		{C0EA345E-A043-42AC-B117-4F8D6E3470AA}.Release|Any CPU.Build.0 = Release|Any CPU
	EndGlobalSection
	GlobalSection(SolutionProperties) = preSolution
		HideSolutionNode = FALSE
	EndGlobalSection
	GlobalSection(ExtensibilityGlobals) = postSolution
		SolutionGuid = {9E168C0F-9660-4641-B18E-CA7A8A19DEBD}
	EndGlobalSection
EndGlobal
