
Microsoft Visual Studio Solution File, Format Version 12.00
# Visual Studio Version 16
VisualStudioVersion = 16.0.33214.272
MinimumVisualStudioVersion = 10.0.40219.1
Project("{FAE04EC0-301F-11D3-BF4B-00C04F79EFBC}") = "01. Reverse Strings", "01. Reverse Strings\01. Reverse Strings.csproj", "{D56C41EA-83C3-454B-968E-507D4DA6232A}"
EndProject
Project("{FAE04EC0-301F-11D3-BF4B-00C04F79EFBC}") = "02. Repeat Strings", "02. Repeat Strings\02. Repeat Strings.csproj", "{D8EBC95E-4CC1-41FA-8432-C33EB4137B98}"
EndProject
Project("{FAE04EC0-301F-11D3-BF4B-00C04F79EFBC}") = "03. Substring", "03. Substring\03. Substring.csproj", "{8178389B-6B4A-4394-912D-8B0C3BF5441E}"
EndProject
Project("{FAE04EC0-301F-11D3-BF4B-00C04F79EFBC}") = "04. Text Filter", "04. Text Filter\04. Text Filter.csproj", "{19D2651D-CA7A-45C3-861B-74683D054D06}"
EndProject
Project("{FAE04EC0-301F-11D3-BF4B-00C04F79EFBC}") = "05. Digits, Letters and Other", "05. Digits, Letters and Other\05. Digits, Letters and Other.csproj", "{E8A3932A-7B72-43CB-AB57-20BB29A6745F}"
EndProject
Global
	GlobalSection(SolutionConfigurationPlatforms) = preSolution
		Debug|Any CPU = Debug|Any CPU
		Release|Any CPU = Release|Any CPU
	EndGlobalSection
	GlobalSection(ProjectConfigurationPlatforms) = postSolution
		{D56C41EA-83C3-454B-968E-507D4DA6232A}.Debug|Any CPU.ActiveCfg = Debug|Any CPU
		{D56C41EA-83C3-454B-968E-507D4DA6232A}.Debug|Any CPU.Build.0 = Debug|Any CPU
		{D56C41EA-83C3-454B-968E-507D4DA6232A}.Release|Any CPU.ActiveCfg = Release|Any CPU
		{D56C41EA-83C3-454B-968E-507D4DA6232A}.Release|Any CPU.Build.0 = Release|Any CPU
		{D8EBC95E-4CC1-41FA-8432-C33EB4137B98}.Debug|Any CPU.ActiveCfg = Debug|Any CPU
		{D8EBC95E-4CC1-41FA-8432-C33EB4137B98}.Debug|Any CPU.Build.0 = Debug|Any CPU
		{D8EBC95E-4CC1-41FA-8432-C33EB4137B98}.Release|Any CPU.ActiveCfg = Release|Any CPU
		{D8EBC95E-4CC1-41FA-8432-C33EB4137B98}.Release|Any CPU.Build.0 = Release|Any CPU
		{8178389B-6B4A-4394-912D-8B0C3BF5441E}.Debug|Any CPU.ActiveCfg = Debug|Any CPU
		{8178389B-6B4A-4394-912D-8B0C3BF5441E}.Debug|Any CPU.Build.0 = Debug|Any CPU
		{8178389B-6B4A-4394-912D-8B0C3BF5441E}.Release|Any CPU.ActiveCfg = Release|Any CPU
		{8178389B-6B4A-4394-912D-8B0C3BF5441E}.Release|Any CPU.Build.0 = Release|Any CPU
		{19D2651D-CA7A-45C3-861B-74683D054D06}.Debug|Any CPU.ActiveCfg = Debug|Any CPU
		{19D2651D-CA7A-45C3-861B-74683D054D06}.Debug|Any CPU.Build.0 = Debug|Any CPU
		{19D2651D-CA7A-45C3-861B-74683D054D06}.Release|Any CPU.ActiveCfg = Release|Any CPU
		{19D2651D-CA7A-45C3-861B-74683D054D06}.Release|Any CPU.Build.0 = Release|Any CPU
		{E8A3932A-7B72-43CB-AB57-20BB29A6745F}.Debug|Any CPU.ActiveCfg = Debug|Any CPU
		{E8A3932A-7B72-43CB-AB57-20BB29A6745F}.Debug|Any CPU.Build.0 = Debug|Any CPU
		{E8A3932A-7B72-43CB-AB57-20BB29A6745F}.Release|Any CPU.ActiveCfg = Release|Any CPU
		{E8A3932A-7B72-43CB-AB57-20BB29A6745F}.Release|Any CPU.Build.0 = Release|Any CPU
	EndGlobalSection
	GlobalSection(SolutionProperties) = preSolution
		HideSolutionNode = FALSE
	EndGlobalSection
	GlobalSection(ExtensibilityGlobals) = postSolution
		SolutionGuid = {021DFD7C-66AA-41FC-98BD-4EA97272E577}
	EndGlobalSection
EndGlobal
