
Microsoft Visual Studio Solution File, Format Version 12.00
# Visual Studio Version 16
VisualStudioVersion = 16.0.33214.272
MinimumVisualStudioVersion = 10.0.40219.1
Project("{FAE04EC0-301F-11D3-BF4B-00C04F79EFBC}") = "01. The Hunting Games", "01. The Hunting Games\01. The Hunting Games.csproj", "{4D24D7D8-BDA8-43C0-BCFD-F0C9A85EE409}"
EndProject
Project("{FAE04EC0-301F-11D3-BF4B-00C04F79EFBC}") = "02. Coffee Lover", "02. Coffee Lover\02. Coffee Lover.csproj", "{3FCB6F98-B9E3-4FB0-B830-8850C315EB7E}"
EndProject
Project("{FAE04EC0-301F-11D3-BF4B-00C04F79EFBC}") = "03. The Angry Cat", "03. The Angry Cat\03. The Angry Cat.csproj", "{34C3AA5C-230D-48CC-BB2D-9EC356404AFA}"
EndProject
Global
	GlobalSection(SolutionConfigurationPlatforms) = preSolution
		Debug|Any CPU = Debug|Any CPU
		Release|Any CPU = Release|Any CPU
	EndGlobalSection
	GlobalSection(ProjectConfigurationPlatforms) = postSolution
		{4D24D7D8-BDA8-43C0-BCFD-F0C9A85EE409}.Debug|Any CPU.ActiveCfg = Debug|Any CPU
		{4D24D7D8-BDA8-43C0-BCFD-F0C9A85EE409}.Debug|Any CPU.Build.0 = Debug|Any CPU
		{4D24D7D8-BDA8-43C0-BCFD-F0C9A85EE409}.Release|Any CPU.ActiveCfg = Release|Any CPU
		{4D24D7D8-BDA8-43C0-BCFD-F0C9A85EE409}.Release|Any CPU.Build.0 = Release|Any CPU
		{3FCB6F98-B9E3-4FB0-B830-8850C315EB7E}.Debug|Any CPU.ActiveCfg = Debug|Any CPU
		{3FCB6F98-B9E3-4FB0-B830-8850C315EB7E}.Debug|Any CPU.Build.0 = Debug|Any CPU
		{3FCB6F98-B9E3-4FB0-B830-8850C315EB7E}.Release|Any CPU.ActiveCfg = Release|Any CPU
		{3FCB6F98-B9E3-4FB0-B830-8850C315EB7E}.Release|Any CPU.Build.0 = Release|Any CPU
		{34C3AA5C-230D-48CC-BB2D-9EC356404AFA}.Debug|Any CPU.ActiveCfg = Debug|Any CPU
		{34C3AA5C-230D-48CC-BB2D-9EC356404AFA}.Debug|Any CPU.Build.0 = Debug|Any CPU
		{34C3AA5C-230D-48CC-BB2D-9EC356404AFA}.Release|Any CPU.ActiveCfg = Release|Any CPU
		{34C3AA5C-230D-48CC-BB2D-9EC356404AFA}.Release|Any CPU.Build.0 = Release|Any CPU
	EndGlobalSection
	GlobalSection(SolutionProperties) = preSolution
		HideSolutionNode = FALSE
	EndGlobalSection
	GlobalSection(ExtensibilityGlobals) = postSolution
		SolutionGuid = {1E760D93-B013-4B35-B040-9F4599D11A5E}
	EndGlobalSection
EndGlobal
