
Microsoft Visual Studio Solution File, Format Version 12.00
# Visual Studio Version 16
VisualStudioVersion = 16.0.33214.272
MinimumVisualStudioVersion = 10.0.40219.1
Project("{FAE04EC0-301F-11D3-BF4B-00C04F79EFBC}") = "01. Valid Usernames", "01. Valid Usernames\01. Valid Usernames.csproj", "{C122AEE1-C93C-4DCA-A16B-75081D812328}"
EndProject
Project("{FAE04EC0-301F-11D3-BF4B-00C04F79EFBC}") = "02. Character Multiplier", "02. Character Multiplier\02. Character Multiplier.csproj", "{35F4079F-5870-4725-A19C-58943A69BDB4}"
EndProject
Project("{FAE04EC0-301F-11D3-BF4B-00C04F79EFBC}") = "03. Extract File", "03. Extract File\03. Extract File.csproj", "{7502B0DD-1912-43B9-9672-C913C097C585}"
EndProject
Project("{FAE04EC0-301F-11D3-BF4B-00C04F79EFBC}") = "03. Extract File 2", "03. Extract File 2\03. Extract File 2.csproj", "{48B0CD73-C4F4-4F93-B721-FADFCDAECE02}"
EndProject
Project("{FAE04EC0-301F-11D3-BF4B-00C04F79EFBC}") = "04. Caesar Cipher", "04. Caesar Cipher\04. Caesar Cipher.csproj", "{4FB61FF9-2988-42B1-BAC1-AE4965E5451F}"
EndProject
Project("{FAE04EC0-301F-11D3-BF4B-00C04F79EFBC}") = "05. Multiply Big Number", "05. Multiply Big Number\05. Multiply Big Number.csproj", "{3114A3CF-B79F-4769-9FBA-8817E5BDB808}"
EndProject
Project("{FAE04EC0-301F-11D3-BF4B-00C04F79EFBC}") = "06. Replace Repeating Chars", "06. Replace Repeating Chars\06. Replace Repeating Chars.csproj", "{3774D5C4-EE95-407E-AE0D-1BE5DB5708F2}"
EndProject
Project("{FAE04EC0-301F-11D3-BF4B-00C04F79EFBC}") = "07. String Explosion", "07. String Explosion\07. String Explosion.csproj", "{56E34674-83F0-4662-AC10-08629E7390A0}"
EndProject
Project("{FAE04EC0-301F-11D3-BF4B-00C04F79EFBC}") = "08. Letters Change Numbers", "08. Letters Change Numbers\08. Letters Change Numbers.csproj", "{0081C81F-5585-4544-B05E-0A6740104184}"
EndProject
Global
	GlobalSection(SolutionConfigurationPlatforms) = preSolution
		Debug|Any CPU = Debug|Any CPU
		Release|Any CPU = Release|Any CPU
	EndGlobalSection
	GlobalSection(ProjectConfigurationPlatforms) = postSolution
		{C122AEE1-C93C-4DCA-A16B-75081D812328}.Debug|Any CPU.ActiveCfg = Debug|Any CPU
		{C122AEE1-C93C-4DCA-A16B-75081D812328}.Debug|Any CPU.Build.0 = Debug|Any CPU
		{C122AEE1-C93C-4DCA-A16B-75081D812328}.Release|Any CPU.ActiveCfg = Release|Any CPU
		{C122AEE1-C93C-4DCA-A16B-75081D812328}.Release|Any CPU.Build.0 = Release|Any CPU
		{35F4079F-5870-4725-A19C-58943A69BDB4}.Debug|Any CPU.ActiveCfg = Debug|Any CPU
		{35F4079F-5870-4725-A19C-58943A69BDB4}.Debug|Any CPU.Build.0 = Debug|Any CPU
		{35F4079F-5870-4725-A19C-58943A69BDB4}.Release|Any CPU.ActiveCfg = Release|Any CPU
		{35F4079F-5870-4725-A19C-58943A69BDB4}.Release|Any CPU.Build.0 = Release|Any CPU
		{7502B0DD-1912-43B9-9672-C913C097C585}.Debug|Any CPU.ActiveCfg = Debug|Any CPU
		{7502B0DD-1912-43B9-9672-C913C097C585}.Debug|Any CPU.Build.0 = Debug|Any CPU
		{7502B0DD-1912-43B9-9672-C913C097C585}.Release|Any CPU.ActiveCfg = Release|Any CPU
		{7502B0DD-1912-43B9-9672-C913C097C585}.Release|Any CPU.Build.0 = Release|Any CPU
		{48B0CD73-C4F4-4F93-B721-FADFCDAECE02}.Debug|Any CPU.ActiveCfg = Debug|Any CPU
		{48B0CD73-C4F4-4F93-B721-FADFCDAECE02}.Debug|Any CPU.Build.0 = Debug|Any CPU
		{48B0CD73-C4F4-4F93-B721-FADFCDAECE02}.Release|Any CPU.ActiveCfg = Release|Any CPU
		{48B0CD73-C4F4-4F93-B721-FADFCDAECE02}.Release|Any CPU.Build.0 = Release|Any CPU
		{4FB61FF9-2988-42B1-BAC1-AE4965E5451F}.Debug|Any CPU.ActiveCfg = Debug|Any CPU
		{4FB61FF9-2988-42B1-BAC1-AE4965E5451F}.Debug|Any CPU.Build.0 = Debug|Any CPU
		{4FB61FF9-2988-42B1-BAC1-AE4965E5451F}.Release|Any CPU.ActiveCfg = Release|Any CPU
		{4FB61FF9-2988-42B1-BAC1-AE4965E5451F}.Release|Any CPU.Build.0 = Release|Any CPU
		{3114A3CF-B79F-4769-9FBA-8817E5BDB808}.Debug|Any CPU.ActiveCfg = Debug|Any CPU
		{3114A3CF-B79F-4769-9FBA-8817E5BDB808}.Debug|Any CPU.Build.0 = Debug|Any CPU
		{3114A3CF-B79F-4769-9FBA-8817E5BDB808}.Release|Any CPU.ActiveCfg = Release|Any CPU
		{3114A3CF-B79F-4769-9FBA-8817E5BDB808}.Release|Any CPU.Build.0 = Release|Any CPU
		{3774D5C4-EE95-407E-AE0D-1BE5DB5708F2}.Debug|Any CPU.ActiveCfg = Debug|Any CPU
		{3774D5C4-EE95-407E-AE0D-1BE5DB5708F2}.Debug|Any CPU.Build.0 = Debug|Any CPU
		{3774D5C4-EE95-407E-AE0D-1BE5DB5708F2}.Release|Any CPU.ActiveCfg = Release|Any CPU
		{3774D5C4-EE95-407E-AE0D-1BE5DB5708F2}.Release|Any CPU.Build.0 = Release|Any CPU
		{56E34674-83F0-4662-AC10-08629E7390A0}.Debug|Any CPU.ActiveCfg = Debug|Any CPU
		{56E34674-83F0-4662-AC10-08629E7390A0}.Debug|Any CPU.Build.0 = Debug|Any CPU
		{56E34674-83F0-4662-AC10-08629E7390A0}.Release|Any CPU.ActiveCfg = Release|Any CPU
		{56E34674-83F0-4662-AC10-08629E7390A0}.Release|Any CPU.Build.0 = Release|Any CPU
		{0081C81F-5585-4544-B05E-0A6740104184}.Debug|Any CPU.ActiveCfg = Debug|Any CPU
		{0081C81F-5585-4544-B05E-0A6740104184}.Debug|Any CPU.Build.0 = Debug|Any CPU
		{0081C81F-5585-4544-B05E-0A6740104184}.Release|Any CPU.ActiveCfg = Release|Any CPU
		{0081C81F-5585-4544-B05E-0A6740104184}.Release|Any CPU.Build.0 = Release|Any CPU
	EndGlobalSection
	GlobalSection(SolutionProperties) = preSolution
		HideSolutionNode = FALSE
	EndGlobalSection
	GlobalSection(ExtensibilityGlobals) = postSolution
		SolutionGuid = {0BFCB1F1-97FB-4CCF-83E7-18291F4C01B4}
	EndGlobalSection
EndGlobal
