
Microsoft Visual Studio Solution File, Format Version 12.00
# Visual Studio Version 16
VisualStudioVersion = 16.0.33214.272
MinimumVisualStudioVersion = 10.0.40219.1
Project("{FAE04EC0-301F-11D3-BF4B-00C04F79EFBC}") = "01. Bonus Scoring System", "01. Bonus Scoring System\01. Bonus Scoring System.csproj", "{9350B39B-4C57-4357-97E0-7E3FBFFA26C7}"
EndProject
Project("{FAE04EC0-301F-11D3-BF4B-00C04F79EFBC}") = "02. MuOnline", "02. MuOnline\02. MuOnline.csproj", "{A67EB901-FAE5-4C6F-8446-056DD7C01519}"
EndProject
Project("{FAE04EC0-301F-11D3-BF4B-00C04F79EFBC}") = "03. Inventory", "03. Inventory\03. Inventory.csproj", "{348CFEC5-EF02-439D-90D1-A0E1371EB47A}"
EndProject
Global
	GlobalSection(SolutionConfigurationPlatforms) = preSolution
		Debug|Any CPU = Debug|Any CPU
		Release|Any CPU = Release|Any CPU
	EndGlobalSection
	GlobalSection(ProjectConfigurationPlatforms) = postSolution
		{9350B39B-4C57-4357-97E0-7E3FBFFA26C7}.Debug|Any CPU.ActiveCfg = Debug|Any CPU
		{9350B39B-4C57-4357-97E0-7E3FBFFA26C7}.Debug|Any CPU.Build.0 = Debug|Any CPU
		{9350B39B-4C57-4357-97E0-7E3FBFFA26C7}.Release|Any CPU.ActiveCfg = Release|Any CPU
		{9350B39B-4C57-4357-97E0-7E3FBFFA26C7}.Release|Any CPU.Build.0 = Release|Any CPU
		{A67EB901-FAE5-4C6F-8446-056DD7C01519}.Debug|Any CPU.ActiveCfg = Debug|Any CPU
		{A67EB901-FAE5-4C6F-8446-056DD7C01519}.Debug|Any CPU.Build.0 = Debug|Any CPU
		{A67EB901-FAE5-4C6F-8446-056DD7C01519}.Release|Any CPU.ActiveCfg = Release|Any CPU
		{A67EB901-FAE5-4C6F-8446-056DD7C01519}.Release|Any CPU.Build.0 = Release|Any CPU
		{348CFEC5-EF02-439D-90D1-A0E1371EB47A}.Debug|Any CPU.ActiveCfg = Debug|Any CPU
		{348CFEC5-EF02-439D-90D1-A0E1371EB47A}.Debug|Any CPU.Build.0 = Debug|Any CPU
		{348CFEC5-EF02-439D-90D1-A0E1371EB47A}.Release|Any CPU.ActiveCfg = Release|Any CPU
		{348CFEC5-EF02-439D-90D1-A0E1371EB47A}.Release|Any CPU.Build.0 = Release|Any CPU
	EndGlobalSection
	GlobalSection(SolutionProperties) = preSolution
		HideSolutionNode = FALSE
	EndGlobalSection
	GlobalSection(ExtensibilityGlobals) = postSolution
		SolutionGuid = {5648E3FE-6AB5-4074-B70E-DBDFF7F923CE}
	EndGlobalSection
EndGlobal
