
Microsoft Visual Studio Solution File, Format Version 12.00
# Visual Studio Version 16
VisualStudioVersion = 16.0.33214.272
MinimumVisualStudioVersion = 10.0.40219.1
Project("{FAE04EC0-301F-11D3-BF4B-00C04F79EFBC}") = "01. Guinea Pig", "01. Guinea Pig\01. Guinea Pig.csproj", "{93A54F91-3D74-4F16-84A0-44F28BB235BE}"
EndProject
Project("{FAE04EC0-301F-11D3-BF4B-00C04F79EFBC}") = "02. Shopping List", "02. Shopping List\02. Shopping List.csproj", "{2E637AEE-15E1-487E-A604-3C72D39C5D99}"
EndProject
Project("{FAE04EC0-301F-11D3-BF4B-00C04F79EFBC}") = "03. Heart Delivery", "03. Heart Delivery\03. Heart Delivery.csproj", "{B817A24D-BFD0-40CD-8976-14601B53A0E2}"
EndProject
Global
	GlobalSection(SolutionConfigurationPlatforms) = preSolution
		Debug|Any CPU = Debug|Any CPU
		Release|Any CPU = Release|Any CPU
	EndGlobalSection
	GlobalSection(ProjectConfigurationPlatforms) = postSolution
		{93A54F91-3D74-4F16-84A0-44F28BB235BE}.Debug|Any CPU.ActiveCfg = Debug|Any CPU
		{93A54F91-3D74-4F16-84A0-44F28BB235BE}.Debug|Any CPU.Build.0 = Debug|Any CPU
		{93A54F91-3D74-4F16-84A0-44F28BB235BE}.Release|Any CPU.ActiveCfg = Release|Any CPU
		{93A54F91-3D74-4F16-84A0-44F28BB235BE}.Release|Any CPU.Build.0 = Release|Any CPU
		{2E637AEE-15E1-487E-A604-3C72D39C5D99}.Debug|Any CPU.ActiveCfg = Debug|Any CPU
		{2E637AEE-15E1-487E-A604-3C72D39C5D99}.Debug|Any CPU.Build.0 = Debug|Any CPU
		{2E637AEE-15E1-487E-A604-3C72D39C5D99}.Release|Any CPU.ActiveCfg = Release|Any CPU
		{2E637AEE-15E1-487E-A604-3C72D39C5D99}.Release|Any CPU.Build.0 = Release|Any CPU
		{B817A24D-BFD0-40CD-8976-14601B53A0E2}.Debug|Any CPU.ActiveCfg = Debug|Any CPU
		{B817A24D-BFD0-40CD-8976-14601B53A0E2}.Debug|Any CPU.Build.0 = Debug|Any CPU
		{B817A24D-BFD0-40CD-8976-14601B53A0E2}.Release|Any CPU.ActiveCfg = Release|Any CPU
		{B817A24D-BFD0-40CD-8976-14601B53A0E2}.Release|Any CPU.Build.0 = Release|Any CPU
	EndGlobalSection
	GlobalSection(SolutionProperties) = preSolution
		HideSolutionNode = FALSE
	EndGlobalSection
	GlobalSection(ExtensibilityGlobals) = postSolution
		SolutionGuid = {C71FE0BB-6B00-4615-9A61-39FE1635D0DF}
	EndGlobalSection
EndGlobal
