
Microsoft Visual Studio Solution File, Format Version 12.00
# Visual Studio Version 16
VisualStudioVersion = 16.0.33214.272
MinimumVisualStudioVersion = 10.0.40219.1
Project("{9A19103F-16F7-4668-BE54-9A1E7A4F7556}") = "01. Extract Person Information", "01. Extract Person Information\01. Extract Person Information.csproj", "{01F35BE0-F506-4A2C-8D19-15DF0EFAAF17}"
EndProject
Project("{9A19103F-16F7-4668-BE54-9A1E7A4F7556}") = "02. Ascii Sumator", "02. Ascii Sumator\02. Ascii Sumator.csproj", "{68BB44AD-524E-4CAE-A535-DA0E9C489724}"
EndProject
Global
	GlobalSection(SolutionConfigurationPlatforms) = preSolution
		Debug|Any CPU = Debug|Any CPU
		Release|Any CPU = Release|Any CPU
	EndGlobalSection
	GlobalSection(ProjectConfigurationPlatforms) = postSolution
		{01F35BE0-F506-4A2C-8D19-15DF0EFAAF17}.Debug|Any CPU.ActiveCfg = Debug|Any CPU
		{01F35BE0-F506-4A2C-8D19-15DF0EFAAF17}.Debug|Any CPU.Build.0 = Debug|Any CPU
		{01F35BE0-F506-4A2C-8D19-15DF0EFAAF17}.Release|Any CPU.ActiveCfg = Release|Any CPU
		{01F35BE0-F506-4A2C-8D19-15DF0EFAAF17}.Release|Any CPU.Build.0 = Release|Any CPU
		{68BB44AD-524E-4CAE-A535-DA0E9C489724}.Debug|Any CPU.ActiveCfg = Debug|Any CPU
		{68BB44AD-524E-4CAE-A535-DA0E9C489724}.Debug|Any CPU.Build.0 = Debug|Any CPU
		{68BB44AD-524E-4CAE-A535-DA0E9C489724}.Release|Any CPU.ActiveCfg = Release|Any CPU
		{68BB44AD-524E-4CAE-A535-DA0E9C489724}.Release|Any CPU.Build.0 = Release|Any CPU
	EndGlobalSection
	GlobalSection(SolutionProperties) = preSolution
		HideSolutionNode = FALSE
	EndGlobalSection
	GlobalSection(ExtensibilityGlobals) = postSolution
		SolutionGuid = {54B568ED-D6C5-4378-A986-F2A678468E5B}
	EndGlobalSection
EndGlobal
