
Microsoft Visual Studio Solution File, Format Version 12.00
# Visual Studio Version 16
VisualStudioVersion = 16.0.33214.272
MinimumVisualStudioVersion = 10.0.40219.1
Project("{FAE04EC0-301F-11D3-BF4B-00C04F79EFBC}") = "01. Black Flag", "01. Black Flag\01. Black Flag.csproj", "{28FD207E-D3FE-424C-A57B-B46751185350}"
EndProject
Project("{FAE04EC0-301F-11D3-BF4B-00C04F79EFBC}") = "02. Shoot for the Win", "02. Shoot for the Win\02. Shoot for the Win.csproj", "{C248D5F2-16B0-48F4-8485-E17753F0F017}"
EndProject
Project("{FAE04EC0-301F-11D3-BF4B-00C04F79EFBC}") = "03. Numbers", "03. Numbers\03. Numbers.csproj", "{AC0FEE89-5C07-456C-BFCE-AAA907300B63}"
EndProject
Global
	GlobalSection(SolutionConfigurationPlatforms) = preSolution
		Debug|Any CPU = Debug|Any CPU
		Release|Any CPU = Release|Any CPU
	EndGlobalSection
	GlobalSection(ProjectConfigurationPlatforms) = postSolution
		{28FD207E-D3FE-424C-A57B-B46751185350}.Debug|Any CPU.ActiveCfg = Debug|Any CPU
		{28FD207E-D3FE-424C-A57B-B46751185350}.Debug|Any CPU.Build.0 = Debug|Any CPU
		{28FD207E-D3FE-424C-A57B-B46751185350}.Release|Any CPU.ActiveCfg = Release|Any CPU
		{28FD207E-D3FE-424C-A57B-B46751185350}.Release|Any CPU.Build.0 = Release|Any CPU
		{C248D5F2-16B0-48F4-8485-E17753F0F017}.Debug|Any CPU.ActiveCfg = Debug|Any CPU
		{C248D5F2-16B0-48F4-8485-E17753F0F017}.Debug|Any CPU.Build.0 = Debug|Any CPU
		{C248D5F2-16B0-48F4-8485-E17753F0F017}.Release|Any CPU.ActiveCfg = Release|Any CPU
		{C248D5F2-16B0-48F4-8485-E17753F0F017}.Release|Any CPU.Build.0 = Release|Any CPU
		{AC0FEE89-5C07-456C-BFCE-AAA907300B63}.Debug|Any CPU.ActiveCfg = Debug|Any CPU
		{AC0FEE89-5C07-456C-BFCE-AAA907300B63}.Debug|Any CPU.Build.0 = Debug|Any CPU
		{AC0FEE89-5C07-456C-BFCE-AAA907300B63}.Release|Any CPU.ActiveCfg = Release|Any CPU
		{AC0FEE89-5C07-456C-BFCE-AAA907300B63}.Release|Any CPU.Build.0 = Release|Any CPU
	EndGlobalSection
	GlobalSection(SolutionProperties) = preSolution
		HideSolutionNode = FALSE
	EndGlobalSection
	GlobalSection(ExtensibilityGlobals) = postSolution
		SolutionGuid = {241BA90A-1115-4598-92CC-9DD32579C0A0}
	EndGlobalSection
EndGlobal
